
Microsoft Visual Studio Solution File, Format Version 12.00
# Visual Studio Version 17
VisualStudioVersion = 17.12.35707.178 d17.12
MinimumVisualStudioVersion = 10.0.40219.1
Project("{FAE04EC0-301F-11D3-BF4B-00C04F79EFBC}") = "nigga123", "nigga123\nigga123.csproj", "{1C6A3528-2DBA-405A-A680-13753DFC3C59}"
EndProject
Project("{FAE04EC0-301F-11D3-BF4B-00C04F79EFBC}") = "DAL", "DAL\DAL.csproj", "{549D5687-3BA8-4C8A-9806-017C38CA3D1F}"
EndProject
Project("{FAE04EC0-301F-11D3-BF4B-00C04F79EFBC}") = "BUS", "BUS\BUS.csproj", "{6AD053B9-5960-43C5-A9B2-2DCA30D6214E}"
EndProject
Project("{FAE04EC0-301F-11D3-BF4B-00C04F79EFBC}") = "DTO", "DTO\DTO.csproj", "{5A50721C-B162-4185-BF67-0E564DE28B06}"
EndProject
Global
	GlobalSection(SolutionConfigurationPlatforms) = preSolution
		Debug|Any CPU = Debug|Any CPU
		Release|Any CPU = Release|Any CPU
	EndGlobalSection
	GlobalSection(ProjectConfigurationPlatforms) = postSolution
		{1C6A3528-2DBA-405A-A680-13753DFC3C59}.Debug|Any CPU.ActiveCfg = Debug|Any CPU
		{1C6A3528-2DBA-405A-A680-13753DFC3C59}.Debug|Any CPU.Build.0 = Debug|Any CPU
		{1C6A3528-2DBA-405A-A680-13753DFC3C59}.Release|Any CPU.ActiveCfg = Release|Any CPU
		{1C6A3528-2DBA-405A-A680-13753DFC3C59}.Release|Any CPU.Build.0 = Release|Any CPU
		{549D5687-3BA8-4C8A-9806-017C38CA3D1F}.Debug|Any CPU.ActiveCfg = Debug|Any CPU
		{549D5687-3BA8-4C8A-9806-017C38CA3D1F}.Debug|Any CPU.Build.0 = Debug|Any CPU
		{549D5687-3BA8-4C8A-9806-017C38CA3D1F}.Release|Any CPU.ActiveCfg = Release|Any CPU
		{549D5687-3BA8-4C8A-9806-017C38CA3D1F}.Release|Any CPU.Build.0 = Release|Any CPU
		{6AD053B9-5960-43C5-A9B2-2DCA30D6214E}.Debug|Any CPU.ActiveCfg = Debug|Any CPU
		{6AD053B9-5960-43C5-A9B2-2DCA30D6214E}.Debug|Any CPU.Build.0 = Debug|Any CPU
		{6AD053B9-5960-43C5-A9B2-2DCA30D6214E}.Release|Any CPU.ActiveCfg = Release|Any CPU
		{6AD053B9-5960-43C5-A9B2-2DCA30D6214E}.Release|Any CPU.Build.0 = Release|Any CPU
		{5A50721C-B162-4185-BF67-0E564DE28B06}.Debug|Any CPU.ActiveCfg = Debug|Any CPU
		{5A50721C-B162-4185-BF67-0E564DE28B06}.Debug|Any CPU.Build.0 = Debug|Any CPU
		{5A50721C-B162-4185-BF67-0E564DE28B06}.Release|Any CPU.ActiveCfg = Release|Any CPU
		{5A50721C-B162-4185-BF67-0E564DE28B06}.Release|Any CPU.Build.0 = Release|Any CPU
	EndGlobalSection
	GlobalSection(SolutionProperties) = preSolution
		HideSolutionNode = FALSE
	EndGlobalSection
EndGlobal
